
Microsoft Visual Studio Solution File, Format Version 12.00
# Visual Studio 15
VisualStudioVersion = 15.0.27130.2010
MinimumVisualStudioVersion = 10.0.40219.1
Project("{FAE04EC0-301F-11D3-BF4B-00C04F79EFBC}") = "DEMONIO_GERENTE", "DEMONIO_GERENTE\DEMONIO_GERENTE.csproj", "{DA70C0B8-9F83-40F9-87B8-F3A332DD836D}"
EndProject
Global
	GlobalSection(SolutionConfigurationPlatforms) = preSolution
		Debug|Any CPU = Debug|Any CPU
		Release|Any CPU = Release|Any CPU
	EndGlobalSection
	GlobalSection(ProjectConfigurationPlatforms) = postSolution
		{DA70C0B8-9F83-40F9-87B8-F3A332DD836D}.Debug|Any CPU.ActiveCfg = Debug|Any CPU
		{DA70C0B8-9F83-40F9-87B8-F3A332DD836D}.Debug|Any CPU.Build.0 = Debug|Any CPU
		{DA70C0B8-9F83-40F9-87B8-F3A332DD836D}.Release|Any CPU.ActiveCfg = Release|Any CPU
		{DA70C0B8-9F83-40F9-87B8-F3A332DD836D}.Release|Any CPU.Build.0 = Release|Any CPU
	EndGlobalSection
	GlobalSection(SolutionProperties) = preSolution
		HideSolutionNode = FALSE
	EndGlobalSection
	GlobalSection(ExtensibilityGlobals) = postSolution
		SolutionGuid = {A768C707-E5B0-4B2E-B924-63372DCE10AC}
	EndGlobalSection
EndGlobal
